// !$*UTF8*$!
{
	archiveVersion = 1;
	classes = {
	};
	objectVersion = 70;
	objects = {

/* Begin PBXBuildFile section */
		2C31A24D2CD9126400FBFF15 /* BookViewController.swift in Sources */ = {isa = PBXBuildFile; fileRef = 2C31A24C2CD9126400FBFF15 /* BookViewController.swift */; };
		2C31A24F2CDAF09000FBFF15 /* NoticeViewController.swift in Sources */ = {isa = PBXBuildFile; fileRef = 2C31A24E2CDAF09000FBFF15 /* NoticeViewController.swift */; };
		2C866FD82CD7C8D800A78039 /* AppDelegate.swift in Sources */ = {isa = PBXBuildFile; fileRef = 2C866FD72CD7C8D800A78039 /* AppDelegate.swift */; };
		2C866FDA2CD7C8D800A78039 /* SceneDelegate.swift in Sources */ = {isa = PBXBuildFile; fileRef = 2C866FD92CD7C8D800A78039 /* SceneDelegate.swift */; };
		2C866FDC2CD7C8D800A78039 /* ViewController.swift in Sources */ = {isa = PBXBuildFile; fileRef = 2C866FDB2CD7C8D800A78039 /* ViewController.swift */; };
		2C866FE12CD7C8DA00A78039 /* Assets.xcassets in Resources */ = {isa = PBXBuildFile; fileRef = 2C866FE02CD7C8DA00A78039 /* Assets.xcassets */; };
		2C866FE42CD7C8DA00A78039 /* Base in Resources */ = {isa = PBXBuildFile; fileRef = 2C866FE32CD7C8DA00A78039 /* Base */; };
		2C866FED2CD7C8F100A78039 /* Kingfisher in Frameworks */ = {isa = PBXBuildFile; productRef = 2C866FEC2CD7C8F100A78039 /* Kingfisher */; };
		2C866FF02CD7C8F900A78039 /* SnapKit in Frameworks */ = {isa = PBXBuildFile; productRef = 2C866FEF2CD7C8F900A78039 /* SnapKit */; };
		2C866FF32CD7C8FF00A78039 /* Then in Frameworks */ = {isa = PBXBuildFile; productRef = 2C866FF22CD7C8FF00A78039 /* Then */; };
		2C866FF62CD7C90600A78039 /* Lottie in Frameworks */ = {isa = PBXBuildFile; productRef = 2C866FF52CD7C90600A78039 /* Lottie */; };
		2C8670052CD7C9EF00A78039 /* Font+.swift in Sources */ = {isa = PBXBuildFile; fileRef = 2C8670042CD7C9EF00A78039 /* Font+.swift */; };
		2C8670092CD7CA9700A78039 /* ReleaseTabBarController.swift in Sources */ = {isa = PBXBuildFile; fileRef = 2C8670082CD7CA9700A78039 /* ReleaseTabBarController.swift */; };
		2C86700B2CD7CBBB00A78039 /* SplashView.swift in Sources */ = {isa = PBXBuildFile; fileRef = 2C86700A2CD7CBBB00A78039 /* SplashView.swift */; };
		2C86700D2CD7CC5700A78039 /* LoginViewController.swift in Sources */ = {isa = PBXBuildFile; fileRef = 2C86700C2CD7CC5700A78039 /* LoginViewController.swift */; };
		2C86700F2CD7CF3200A78039 /* HomeViewController.swift in Sources */ = {isa = PBXBuildFile; fileRef = 2C86700E2CD7CF3200A78039 /* HomeViewController.swift */; };
		2C8670112CD7E0D600A78039 /* Extension.swift in Sources */ = {isa = PBXBuildFile; fileRef = 2C8670102CD7E0D600A78039 /* Extension.swift */; };
		2C8670132CD7E8DE00A78039 /* ActivityViewController.swift in Sources */ = {isa = PBXBuildFile; fileRef = 2C8670122CD7E8DE00A78039 /* ActivityViewController.swift */; };
		2C8670222CD7E94100A78039 /* ActivityDetailViewController.swift in Sources */ = {isa = PBXBuildFile; fileRef = 2C8670212CD7E94100A78039 /* ActivityDetailViewController.swift */; };
		E430A75A2D02068F00100F40 /* MyPageViewController.swift in Sources */ = {isa = PBXBuildFile; fileRef = E430A7592D02068F00100F40 /* MyPageViewController.swift */; };
		E430A75C2D020A0D00100F40 /* MyPageView.swift in Sources */ = {isa = PBXBuildFile; fileRef = E430A75B2D020A0D00100F40 /* MyPageView.swift */; };
		E45F9E432D02767A007E2AB6 /* MyPageChangePasswordViewController.swift in Sources */ = {isa = PBXBuildFile; fileRef = E45F9E422D02767A007E2AB6 /* MyPageChangePasswordViewController.swift */; };
		E45F9E452D027815007E2AB6 /* MyPageChangePasswordView.swift in Sources */ = {isa = PBXBuildFile; fileRef = E45F9E442D027815007E2AB6 /* MyPageChangePasswordView.swift */; };
		E4780BEC2CEE11FD005F9EBF /* NoticeCell.swift in Sources */ = {isa = PBXBuildFile; fileRef = E4780BEB2CEE11FD005F9EBF /* NoticeCell.swift */; };
		E4AE8EBD2CEB12C400AA84DD /* Config.swift in Sources */ = {isa = PBXBuildFile; fileRef = E4AE8EB82CEB12C400AA84DD /* Config.swift */; };
		E4AE8EBE2CEB12C400AA84DD /* HttpMethod.swift in Sources */ = {isa = PBXBuildFile; fileRef = E4AE8EB92CEB12C400AA84DD /* HttpMethod.swift */; };
		E4AE8EBF2CEB12C400AA84DD /* URL.swift in Sources */ = {isa = PBXBuildFile; fileRef = E4AE8EBB2CEB12C400AA84DD /* URL.swift */; };
		E4AE8EC02CEB12C400AA84DD /* String.swift in Sources */ = {isa = PBXBuildFile; fileRef = E4AE8EBA2CEB12C400AA84DD /* String.swift */; };
		E4AE8EC22CEB130200AA84DD /* Config.xcconfig in Resources */ = {isa = PBXBuildFile; fileRef = E4AE8EC12CEB130200AA84DD /* Config.xcconfig */; };
		E4AE8EC42CEB41A900AA84DD /* ReleaseTabBarItem.swift in Sources */ = {isa = PBXBuildFile; fileRef = E4AE8EC32CEB41A900AA84DD /* ReleaseTabBarItem.swift */; };
		E4AE8EC72CEB4F6800AA84DD /* ActivityCell.swift in Sources */ = {isa = PBXBuildFile; fileRef = E4AE8EC62CEB4F6800AA84DD /* ActivityCell.swift */; };
		E4AE8EC92CEB4FB400AA84DD /* EventCell.swift in Sources */ = {isa = PBXBuildFile; fileRef = E4AE8EC82CEB4FB400AA84DD /* EventCell.swift */; };
		E4AE8ECB2CED7E0800AA84DD /* BookCell.swift in Sources */ = {isa = PBXBuildFile; fileRef = E4AE8ECA2CED7E0800AA84DD /* BookCell.swift */; };
/* End PBXBuildFile section */

/* Begin PBXFileReference section */
		2C31A24C2CD9126400FBFF15 /* BookViewController.swift */ = {isa = PBXFileReference; lastKnownFileType = sourcecode.swift; path = BookViewController.swift; sourceTree = "<group>"; };
		2C31A24E2CDAF09000FBFF15 /* NoticeViewController.swift */ = {isa = PBXFileReference; lastKnownFileType = sourcecode.swift; path = NoticeViewController.swift; sourceTree = "<group>"; };
		2C866FD42CD7C8D800A78039 /* Release-iOS.app */ = {isa = PBXFileReference; explicitFileType = wrapper.application; includeInIndex = 0; path = "Release-iOS.app"; sourceTree = BUILT_PRODUCTS_DIR; };
		2C866FD72CD7C8D800A78039 /* AppDelegate.swift */ = {isa = PBXFileReference; lastKnownFileType = sourcecode.swift; path = AppDelegate.swift; sourceTree = "<group>"; };
		2C866FD92CD7C8D800A78039 /* SceneDelegate.swift */ = {isa = PBXFileReference; lastKnownFileType = sourcecode.swift; path = SceneDelegate.swift; sourceTree = "<group>"; };
		2C866FDB2CD7C8D800A78039 /* ViewController.swift */ = {isa = PBXFileReference; lastKnownFileType = sourcecode.swift; path = ViewController.swift; sourceTree = "<group>"; };
		2C866FE02CD7C8DA00A78039 /* Assets.xcassets */ = {isa = PBXFileReference; lastKnownFileType = folder.assetcatalog; path = Assets.xcassets; sourceTree = "<group>"; };
		2C866FE32CD7C8DA00A78039 /* Base */ = {isa = PBXFileReference; lastKnownFileType = file.storyboard; name = Base; path = Base.lproj/LaunchScreen.storyboard; sourceTree = "<group>"; };
		2C866FE52CD7C8DA00A78039 /* Info.plist */ = {isa = PBXFileReference; lastKnownFileType = text.plist.xml; path = Info.plist; sourceTree = "<group>"; };
		2C8670042CD7C9EF00A78039 /* Font+.swift */ = {isa = PBXFileReference; lastKnownFileType = sourcecode.swift; path = "Font+.swift"; sourceTree = "<group>"; };
		2C8670082CD7CA9700A78039 /* ReleaseTabBarController.swift */ = {isa = PBXFileReference; lastKnownFileType = sourcecode.swift; path = ReleaseTabBarController.swift; sourceTree = "<group>"; };
		2C86700A2CD7CBBB00A78039 /* SplashView.swift */ = {isa = PBXFileReference; lastKnownFileType = sourcecode.swift; path = SplashView.swift; sourceTree = "<group>"; };
		2C86700C2CD7CC5700A78039 /* LoginViewController.swift */ = {isa = PBXFileReference; lastKnownFileType = sourcecode.swift; path = LoginViewController.swift; sourceTree = "<group>"; };
		2C86700E2CD7CF3200A78039 /* HomeViewController.swift */ = {isa = PBXFileReference; lastKnownFileType = sourcecode.swift; path = HomeViewController.swift; sourceTree = "<group>"; };
		2C8670102CD7E0D600A78039 /* Extension.swift */ = {isa = PBXFileReference; lastKnownFileType = sourcecode.swift; path = Extension.swift; sourceTree = "<group>"; };
		2C8670122CD7E8DE00A78039 /* ActivityViewController.swift */ = {isa = PBXFileReference; lastKnownFileType = sourcecode.swift; path = ActivityViewController.swift; sourceTree = "<group>"; };
		2C8670212CD7E94100A78039 /* ActivityDetailViewController.swift */ = {isa = PBXFileReference; lastKnownFileType = sourcecode.swift; path = ActivityDetailViewController.swift; sourceTree = "<group>"; };
		E430A7592D02068F00100F40 /* MyPageViewController.swift */ = {isa = PBXFileReference; lastKnownFileType = sourcecode.swift; path = MyPageViewController.swift; sourceTree = "<group>"; };
		E430A75B2D020A0D00100F40 /* MyPageView.swift */ = {isa = PBXFileReference; lastKnownFileType = sourcecode.swift; path = MyPageView.swift; sourceTree = "<group>"; };
		E45F9E422D02767A007E2AB6 /* MyPageChangePasswordViewController.swift */ = {isa = PBXFileReference; lastKnownFileType = sourcecode.swift; path = MyPageChangePasswordViewController.swift; sourceTree = "<group>"; };
		E45F9E442D027815007E2AB6 /* MyPageChangePasswordView.swift */ = {isa = PBXFileReference; lastKnownFileType = sourcecode.swift; path = MyPageChangePasswordView.swift; sourceTree = "<group>"; };
		E4780BEB2CEE11FD005F9EBF /* NoticeCell.swift */ = {isa = PBXFileReference; lastKnownFileType = sourcecode.swift; path = NoticeCell.swift; sourceTree = "<group>"; };
		E4AE8EB82CEB12C400AA84DD /* Config.swift */ = {isa = PBXFileReference; lastKnownFileType = sourcecode.swift; path = Config.swift; sourceTree = "<group>"; };
		E4AE8EB92CEB12C400AA84DD /* HttpMethod.swift */ = {isa = PBXFileReference; lastKnownFileType = sourcecode.swift; path = HttpMethod.swift; sourceTree = "<group>"; };
		E4AE8EBA2CEB12C400AA84DD /* String.swift */ = {isa = PBXFileReference; lastKnownFileType = sourcecode.swift; path = String.swift; sourceTree = "<group>"; };
		E4AE8EBB2CEB12C400AA84DD /* URL.swift */ = {isa = PBXFileReference; lastKnownFileType = sourcecode.swift; path = URL.swift; sourceTree = "<group>"; };
		E4AE8EC12CEB130200AA84DD /* Config.xcconfig */ = {isa = PBXFileReference; lastKnownFileType = text.xcconfig; path = Config.xcconfig; sourceTree = "<group>"; };
		E4AE8EC32CEB41A900AA84DD /* ReleaseTabBarItem.swift */ = {isa = PBXFileReference; lastKnownFileType = sourcecode.swift; path = ReleaseTabBarItem.swift; sourceTree = "<group>"; };
		E4AE8EC62CEB4F6800AA84DD /* ActivityCell.swift */ = {isa = PBXFileReference; lastKnownFileType = sourcecode.swift; path = ActivityCell.swift; sourceTree = "<group>"; };
		E4AE8EC82CEB4FB400AA84DD /* EventCell.swift */ = {isa = PBXFileReference; lastKnownFileType = sourcecode.swift; path = EventCell.swift; sourceTree = "<group>"; };
		E4AE8ECA2CED7E0800AA84DD /* BookCell.swift */ = {isa = PBXFileReference; lastKnownFileType = sourcecode.swift; path = BookCell.swift; sourceTree = "<group>"; };
/* End PBXFileReference section */

/* Begin PBXFileSystemSynchronizedRootGroup section */
		E420DDCD2D59CCCB009828BE /* DTO */ = {isa = PBXFileSystemSynchronizedRootGroup; explicitFileTypes = {}; explicitFolders = (); path = DTO; sourceTree = "<group>"; };
/* End PBXFileSystemSynchronizedRootGroup section */

/* Begin PBXFrameworksBuildPhase section */
		2C866FD12CD7C8D800A78039 /* Frameworks */ = {
			isa = PBXFrameworksBuildPhase;
			buildActionMask = 2147483647;
			files = (
				2C866FED2CD7C8F100A78039 /* Kingfisher in Frameworks */,
				2C866FF32CD7C8FF00A78039 /* Then in Frameworks */,
				2C866FF02CD7C8F900A78039 /* SnapKit in Frameworks */,
				2C866FF62CD7C90600A78039 /* Lottie in Frameworks */,
			);
			runOnlyForDeploymentPostprocessing = 0;
		};
/* End PBXFrameworksBuildPhase section */

/* Begin PBXGroup section */
		2C866FCB2CD7C8D800A78039 = {
			isa = PBXGroup;
			children = (
				2C866FD62CD7C8D800A78039 /* Release-iOS */,
				2C866FD52CD7C8D800A78039 /* Products */,
			);
			sourceTree = "<group>";
		};
		2C866FD52CD7C8D800A78039 /* Products */ = {
			isa = PBXGroup;
			children = (
				2C866FD42CD7C8D800A78039 /* Release-iOS.app */,
			);
			name = Products;
			sourceTree = "<group>";
		};
		2C866FD62CD7C8D800A78039 /* Release-iOS */ = {
			isa = PBXGroup;
			children = (
				2C8670102CD7E0D600A78039 /* Extension.swift */,
				E420DDCD2D59CCCB009828BE /* DTO */,
				E4AE8EC52CEB4F5C00AA84DD /* Cell */,
				2C8670252CD7E9F200A78039 /* ViewController */,
				2C8670072CD7CA8400A78039 /* View */,
				E4AE8EBC2CEB12C400AA84DD /* Constant */,
				2C8670032CD7C9EF00A78039 /* Font */,
				2C866FD72CD7C8D800A78039 /* AppDelegate.swift */,
				2C866FD92CD7C8D800A78039 /* SceneDelegate.swift */,
				2C866FDB2CD7C8D800A78039 /* ViewController.swift */,
				2C866FE02CD7C8DA00A78039 /* Assets.xcassets */,
				2C866FE22CD7C8DA00A78039 /* LaunchScreen.storyboard */,
				2C866FE52CD7C8DA00A78039 /* Info.plist */,
				E4AE8EC12CEB130200AA84DD /* Config.xcconfig */,
			);
			path = "Release-iOS";
			sourceTree = "<group>";
		};
		2C8670032CD7C9EF00A78039 /* Font */ = {
			isa = PBXGroup;
			children = (
				2C8670042CD7C9EF00A78039 /* Font+.swift */,
			);
			path = Font;
			sourceTree = "<group>";
		};
		2C8670072CD7CA8400A78039 /* View */ = {
			isa = PBXGroup;
			children = (
				2C8670082CD7CA9700A78039 /* ReleaseTabBarController.swift */,
				E4AE8EC32CEB41A900AA84DD /* ReleaseTabBarItem.swift */,
				2C86700A2CD7CBBB00A78039 /* SplashView.swift */,
				E430A75B2D020A0D00100F40 /* MyPageView.swift */,
				E45F9E442D027815007E2AB6 /* MyPageChangePasswordView.swift */,
			);
			path = View;
			sourceTree = "<group>";
		};
		2C8670252CD7E9F200A78039 /* ViewController */ = {
			isa = PBXGroup;
			children = (
				2C86700C2CD7CC5700A78039 /* LoginViewController.swift */,
				2C86700E2CD7CF3200A78039 /* HomeViewController.swift */,
				2C8670212CD7E94100A78039 /* ActivityDetailViewController.swift */,
				2C8670122CD7E8DE00A78039 /* ActivityViewController.swift */,
				2C31A24C2CD9126400FBFF15 /* BookViewController.swift */,
				2C31A24E2CDAF09000FBFF15 /* NoticeViewController.swift */,
				E430A7592D02068F00100F40 /* MyPageViewController.swift */,
				E45F9E422D02767A007E2AB6 /* MyPageChangePasswordViewController.swift */,
			);
			path = ViewController;
			sourceTree = "<group>";
		};
		E4AE8EB72CEB12C400AA84DD /* Font */ = {
			isa = PBXGroup;
			children = (
			);
			path = Font;
			sourceTree = "<group>";
		};
		E4AE8EBC2CEB12C400AA84DD /* Constant */ = {
			isa = PBXGroup;
			children = (
				E4AE8EB72CEB12C400AA84DD /* Font */,
				E4AE8EB82CEB12C400AA84DD /* Config.swift */,
				E4AE8EB92CEB12C400AA84DD /* HttpMethod.swift */,
				E4AE8EBA2CEB12C400AA84DD /* String.swift */,
				E4AE8EBB2CEB12C400AA84DD /* URL.swift */,
			);
			path = Constant;
			sourceTree = "<group>";
		};
		E4AE8EC52CEB4F5C00AA84DD /* Cell */ = {
			isa = PBXGroup;
			children = (
				E4AE8EC62CEB4F6800AA84DD /* ActivityCell.swift */,
				E4AE8EC82CEB4FB400AA84DD /* EventCell.swift */,
				E4AE8ECA2CED7E0800AA84DD /* BookCell.swift */,
				E4780BEB2CEE11FD005F9EBF /* NoticeCell.swift */,
			);
			path = Cell;
			sourceTree = "<group>";
		};
/* End PBXGroup section */

/* Begin PBXNativeTarget section */
		2C866FD32CD7C8D800A78039 /* Release-iOS */ = {
			isa = PBXNativeTarget;
			buildConfigurationList = 2C866FE82CD7C8DA00A78039 /* Build configuration list for PBXNativeTarget "Release-iOS" */;
			buildPhases = (
				2C866FD02CD7C8D800A78039 /* Sources */,
				2C866FD12CD7C8D800A78039 /* Frameworks */,
				2C866FD22CD7C8D800A78039 /* Resources */,
			);
			buildRules = (
			);
			dependencies = (
			);
			fileSystemSynchronizedGroups = (
				E420DDCD2D59CCCB009828BE /* DTO */,
			);
			name = "Release-iOS";
			packageProductDependencies = (
				2C866FEC2CD7C8F100A78039 /* Kingfisher */,
				2C866FEF2CD7C8F900A78039 /* SnapKit */,
				2C866FF22CD7C8FF00A78039 /* Then */,
				2C866FF52CD7C90600A78039 /* Lottie */,
			);
			productName = "Release-iOS";
			productReference = 2C866FD42CD7C8D800A78039 /* Release-iOS.app */;
			productType = "com.apple.product-type.application";
		};
/* End PBXNativeTarget section */

/* Begin PBXProject section */
		2C866FCC2CD7C8D800A78039 /* Project object */ = {
			isa = PBXProject;
			attributes = {
				BuildIndependentTargetsInParallel = 1;
				LastSwiftUpdateCheck = 1540;
				LastUpgradeCheck = 1540;
				TargetAttributes = {
					2C866FD32CD7C8D800A78039 = {
						CreatedOnToolsVersion = 15.4;
					};
				};
			};
			buildConfigurationList = 2C866FCF2CD7C8D800A78039 /* Build configuration list for PBXProject "Release-iOS" */;
			compatibilityVersion = "Xcode 14.0";
			developmentRegion = en;
			hasScannedForEncodings = 0;
			knownRegions = (
				en,
				Base,
			);
			mainGroup = 2C866FCB2CD7C8D800A78039;
			packageReferences = (
				2C866FEB2CD7C8F100A78039 /* XCRemoteSwiftPackageReference "Kingfisher" */,
				2C866FEE2CD7C8F900A78039 /* XCRemoteSwiftPackageReference "SnapKit" */,
				2C866FF12CD7C8FF00A78039 /* XCRemoteSwiftPackageReference "Then" */,
				2C866FF42CD7C90600A78039 /* XCRemoteSwiftPackageReference "lottie-ios" */,
			);
			productRefGroup = 2C866FD52CD7C8D800A78039 /* Products */;
			projectDirPath = "";
			projectRoot = "";
			targets = (
				2C866FD32CD7C8D800A78039 /* Release-iOS */,
			);
		};
/* End PBXProject section */

/* Begin PBXResourcesBuildPhase section */
		2C866FD22CD7C8D800A78039 /* Resources */ = {
			isa = PBXResourcesBuildPhase;
			buildActionMask = 2147483647;
			files = (
				2C866FE12CD7C8DA00A78039 /* Assets.xcassets in Resources */,
				E4AE8EC22CEB130200AA84DD /* Config.xcconfig in Resources */,
				2C866FE42CD7C8DA00A78039 /* Base in Resources */,
			);
			runOnlyForDeploymentPostprocessing = 0;
		};
/* End PBXResourcesBuildPhase section */

/* Begin PBXSourcesBuildPhase section */
		2C866FD02CD7C8D800A78039 /* Sources */ = {
			isa = PBXSourcesBuildPhase;
			buildActionMask = 2147483647;
			files = (
				2C8670112CD7E0D600A78039 /* Extension.swift in Sources */,
				2C866FDC2CD7C8D800A78039 /* ViewController.swift in Sources */,
				2C31A24D2CD9126400FBFF15 /* BookViewController.swift in Sources */,
				E4AE8EC92CEB4FB400AA84DD /* EventCell.swift in Sources */,
				2C8670052CD7C9EF00A78039 /* Font+.swift in Sources */,
				E4AE8EBD2CEB12C400AA84DD /* Config.swift in Sources */,
				E4AE8EBE2CEB12C400AA84DD /* HttpMethod.swift in Sources */,
				E4AE8EBF2CEB12C400AA84DD /* URL.swift in Sources */,
				E4AE8EC02CEB12C400AA84DD /* String.swift in Sources */,
				2C866FD82CD7C8D800A78039 /* AppDelegate.swift in Sources */,
				2C8670222CD7E94100A78039 /* ActivityDetailViewController.swift in Sources */,
				E4780BEC2CEE11FD005F9EBF /* NoticeCell.swift in Sources */,
				2C8670092CD7CA9700A78039 /* ReleaseTabBarController.swift in Sources */,
				2C86700B2CD7CBBB00A78039 /* SplashView.swift in Sources */,
				2C86700D2CD7CC5700A78039 /* LoginViewController.swift in Sources */,
				E45F9E432D02767A007E2AB6 /* MyPageChangePasswordViewController.swift in Sources */,
				E4AE8EC72CEB4F6800AA84DD /* ActivityCell.swift in Sources */,
				E430A75C2D020A0D00100F40 /* MyPageView.swift in Sources */,
				2C866FDA2CD7C8D800A78039 /* SceneDelegate.swift in Sources */,
				2C8670132CD7E8DE00A78039 /* ActivityViewController.swift in Sources */,
				E430A75A2D02068F00100F40 /* MyPageViewController.swift in Sources */,
				E4AE8ECB2CED7E0800AA84DD /* BookCell.swift in Sources */,
				E45F9E452D027815007E2AB6 /* MyPageChangePasswordView.swift in Sources */,
				2C31A24F2CDAF09000FBFF15 /* NoticeViewController.swift in Sources */,
				2C86700F2CD7CF3200A78039 /* HomeViewController.swift in Sources */,
				E4AE8EC42CEB41A900AA84DD /* ReleaseTabBarItem.swift in Sources */,
			);
			runOnlyForDeploymentPostprocessing = 0;
		};
/* End PBXSourcesBuildPhase section */

/* Begin PBXVariantGroup section */
		2C866FE22CD7C8DA00A78039 /* LaunchScreen.storyboard */ = {
			isa = PBXVariantGroup;
			children = (
				2C866FE32CD7C8DA00A78039 /* Base */,
			);
			name = LaunchScreen.storyboard;
			sourceTree = "<group>";
		};
/* End PBXVariantGroup section */

/* Begin XCBuildConfiguration section */
		2C866FE62CD7C8DA00A78039 /* Debug */ = {
			isa = XCBuildConfiguration;
			baseConfigurationReference = E4AE8EC12CEB130200AA84DD /* Config.xcconfig */;
			buildSettings = {
				ALWAYS_SEARCH_USER_PATHS = NO;
				ASSETCATALOG_COMPILER_GENERATE_SWIFT_ASSET_SYMBOL_EXTENSIONS = YES;
				CLANG_ANALYZER_NONNULL = YES;
				CLANG_ANALYZER_NUMBER_OBJECT_CONVERSION = YES_AGGRESSIVE;
				CLANG_CXX_LANGUAGE_STANDARD = "gnu++20";
				CLANG_ENABLE_MODULES = YES;
				CLANG_ENABLE_OBJC_ARC = YES;
				CLANG_ENABLE_OBJC_WEAK = YES;
				CLANG_WARN_BLOCK_CAPTURE_AUTORELEASING = YES;
				CLANG_WARN_BOOL_CONVERSION = YES;
				CLANG_WARN_COMMA = YES;
				CLANG_WARN_CONSTANT_CONVERSION = YES;
				CLANG_WARN_DEPRECATED_OBJC_IMPLEMENTATIONS = YES;
				CLANG_WARN_DIRECT_OBJC_ISA_USAGE = YES_ERROR;
				CLANG_WARN_DOCUMENTATION_COMMENTS = YES;
				CLANG_WARN_EMPTY_BODY = YES;
				CLANG_WARN_ENUM_CONVERSION = YES;
				CLANG_WARN_INFINITE_RECURSION = YES;
				CLANG_WARN_INT_CONVERSION = YES;
				CLANG_WARN_NON_LITERAL_NULL_CONVERSION = YES;
				CLANG_WARN_OBJC_IMPLICIT_RETAIN_SELF = YES;
				CLANG_WARN_OBJC_LITERAL_CONVERSION = YES;
				CLANG_WARN_OBJC_ROOT_CLASS = YES_ERROR;
				CLANG_WARN_QUOTED_INCLUDE_IN_FRAMEWORK_HEADER = YES;
				CLANG_WARN_RANGE_LOOP_ANALYSIS = YES;
				CLANG_WARN_STRICT_PROTOTYPES = YES;
				CLANG_WARN_SUSPICIOUS_MOVE = YES;
				CLANG_WARN_UNGUARDED_AVAILABILITY = YES_AGGRESSIVE;
				CLANG_WARN_UNREACHABLE_CODE = YES;
				CLANG_WARN__DUPLICATE_METHOD_MATCH = YES;
				COPY_PHASE_STRIP = NO;
				DEBUG_INFORMATION_FORMAT = dwarf;
				ENABLE_STRICT_OBJC_MSGSEND = YES;
				ENABLE_TESTABILITY = YES;
				ENABLE_USER_SCRIPT_SANDBOXING = YES;
				GCC_C_LANGUAGE_STANDARD = gnu17;
				GCC_DYNAMIC_NO_PIC = NO;
				GCC_NO_COMMON_BLOCKS = YES;
				GCC_OPTIMIZATION_LEVEL = 0;
				GCC_PREPROCESSOR_DEFINITIONS = (
					"DEBUG=1",
					"$(inherited)",
				);
				GCC_WARN_64_TO_32_BIT_CONVERSION = YES;
				GCC_WARN_ABOUT_RETURN_TYPE = YES_ERROR;
				GCC_WARN_UNDECLARED_SELECTOR = YES;
				GCC_WARN_UNINITIALIZED_AUTOS = YES_AGGRESSIVE;
				GCC_WARN_UNUSED_FUNCTION = YES;
				GCC_WARN_UNUSED_VARIABLE = YES;
				IPHONEOS_DEPLOYMENT_TARGET = 17.5;
				LOCALIZATION_PREFERS_STRING_CATALOGS = YES;
				MTL_ENABLE_DEBUG_INFO = INCLUDE_SOURCE;
				MTL_FAST_MATH = YES;
				ONLY_ACTIVE_ARCH = YES;
				SDKROOT = iphoneos;
				SWIFT_ACTIVE_COMPILATION_CONDITIONS = "DEBUG $(inherited)";
				SWIFT_OPTIMIZATION_LEVEL = "-Onone";
			};
			name = Debug;
		};
		2C866FE72CD7C8DA00A78039 /* Release */ = {
			isa = XCBuildConfiguration;
			baseConfigurationReference = E4AE8EC12CEB130200AA84DD /* Config.xcconfig */;
			buildSettings = {
				ALWAYS_SEARCH_USER_PATHS = NO;
				ASSETCATALOG_COMPILER_GENERATE_SWIFT_ASSET_SYMBOL_EXTENSIONS = YES;
				CLANG_ANALYZER_NONNULL = YES;
				CLANG_ANALYZER_NUMBER_OBJECT_CONVERSION = YES_AGGRESSIVE;
				CLANG_CXX_LANGUAGE_STANDARD = "gnu++20";
				CLANG_ENABLE_MODULES = YES;
				CLANG_ENABLE_OBJC_ARC = YES;
				CLANG_ENABLE_OBJC_WEAK = YES;
				CLANG_WARN_BLOCK_CAPTURE_AUTORELEASING = YES;
				CLANG_WARN_BOOL_CONVERSION = YES;
				CLANG_WARN_COMMA = YES;
				CLANG_WARN_CONSTANT_CONVERSION = YES;
				CLANG_WARN_DEPRECATED_OBJC_IMPLEMENTATIONS = YES;
				CLANG_WARN_DIRECT_OBJC_ISA_USAGE = YES_ERROR;
				CLANG_WARN_DOCUMENTATION_COMMENTS = YES;
				CLANG_WARN_EMPTY_BODY = YES;
				CLANG_WARN_ENUM_CONVERSION = YES;
				CLANG_WARN_INFINITE_RECURSION = YES;
				CLANG_WARN_INT_CONVERSION = YES;
				CLANG_WARN_NON_LITERAL_NULL_CONVERSION = YES;
				CLANG_WARN_OBJC_IMPLICIT_RETAIN_SELF = YES;
				CLANG_WARN_OBJC_LITERAL_CONVERSION = YES;
				CLANG_WARN_OBJC_ROOT_CLASS = YES_ERROR;
				CLANG_WARN_QUOTED_INCLUDE_IN_FRAMEWORK_HEADER = YES;
				CLANG_WARN_RANGE_LOOP_ANALYSIS = YES;
				CLANG_WARN_STRICT_PROTOTYPES = YES;
				CLANG_WARN_SUSPICIOUS_MOVE = YES;
				CLANG_WARN_UNGUARDED_AVAILABILITY = YES_AGGRESSIVE;
				CLANG_WARN_UNREACHABLE_CODE = YES;
				CLANG_WARN__DUPLICATE_METHOD_MATCH = YES;
				COPY_PHASE_STRIP = NO;
				DEBUG_INFORMATION_FORMAT = "dwarf-with-dsym";
				ENABLE_NS_ASSERTIONS = NO;
				ENABLE_STRICT_OBJC_MSGSEND = YES;
				ENABLE_USER_SCRIPT_SANDBOXING = YES;
				GCC_C_LANGUAGE_STANDARD = gnu17;
				GCC_NO_COMMON_BLOCKS = YES;
				GCC_WARN_64_TO_32_BIT_CONVERSION = YES;
				GCC_WARN_ABOUT_RETURN_TYPE = YES_ERROR;
				GCC_WARN_UNDECLARED_SELECTOR = YES;
				GCC_WARN_UNINITIALIZED_AUTOS = YES_AGGRESSIVE;
				GCC_WARN_UNUSED_FUNCTION = YES;
				GCC_WARN_UNUSED_VARIABLE = YES;
				IPHONEOS_DEPLOYMENT_TARGET = 17.5;
				LOCALIZATION_PREFERS_STRING_CATALOGS = YES;
				MTL_ENABLE_DEBUG_INFO = NO;
				MTL_FAST_MATH = YES;
				SDKROOT = iphoneos;
				SWIFT_COMPILATION_MODE = wholemodule;
				VALIDATE_PRODUCT = YES;
			};
			name = Release;
		};
		2C866FE92CD7C8DA00A78039 /* Debug */ = {
			isa = XCBuildConfiguration;
			baseConfigurationReference = E4AE8EC12CEB130200AA84DD /* Config.xcconfig */;
			buildSettings = {
				ASSETCATALOG_COMPILER_APPICON_NAME = AppIcon;
				ASSETCATALOG_COMPILER_GLOBAL_ACCENT_COLOR_NAME = AccentColor;
				"CODE_SIGN_IDENTITY[sdk=iphoneos*]" = "iPhone Developer";
				CODE_SIGN_STYLE = Manual;
				CURRENT_PROJECT_VERSION = 2024120801;
				DEVELOPMENT_TEAM = "";
				"DEVELOPMENT_TEAM[sdk=iphoneos*]" = WKPDJ2CVNJ;
				GENERATE_INFOPLIST_FILE = YES;
				INFOPLIST_FILE = "Release-iOS/Info.plist";
				INFOPLIST_KEY_LSApplicationCategoryType = "public.app-category.lifestyle";
				INFOPLIST_KEY_UIApplicationSupportsIndirectInputEvents = YES;
				INFOPLIST_KEY_UILaunchStoryboardName = LaunchScreen;
				INFOPLIST_KEY_UISupportedInterfaceOrientations = UIInterfaceOrientationPortrait;
				INFOPLIST_KEY_UISupportedInterfaceOrientations_iPad = "UIInterfaceOrientationLandscapeLeft UIInterfaceOrientationLandscapeRight UIInterfaceOrientationPortrait UIInterfaceOrientationPortraitUpsideDown";
				IPHONEOS_DEPLOYMENT_TARGET = 16.6;
				LD_RUNPATH_SEARCH_PATHS = (
					"$(inherited)",
					"@executable_path/Frameworks",
				);
				MARKETING_VERSION = 1.0.0;
				PRODUCT_BUNDLE_IDENTIFIER = kr.sogang.release;
				PRODUCT_NAME = "$(TARGET_NAME)";
				PROVISIONING_PROFILE_SPECIFIER = "";
				"PROVISIONING_PROFILE_SPECIFIER[sdk=iphoneos*]" = releaseProvisioning;
				SUPPORTED_PLATFORMS = "iphoneos iphonesimulator";
				SUPPORTS_MACCATALYST = NO;
				SUPPORTS_MAC_DESIGNED_FOR_IPHONE_IPAD = NO;
				SUPPORTS_XR_DESIGNED_FOR_IPHONE_IPAD = NO;
				SWIFT_EMIT_LOC_STRINGS = YES;
				SWIFT_VERSION = 5.0;
				TARGETED_DEVICE_FAMILY = 1;
			};
			name = Debug;
		};
		2C866FEA2CD7C8DA00A78039 /* Release */ = {
			isa = XCBuildConfiguration;
			baseConfigurationReference = E4AE8EC12CEB130200AA84DD /* Config.xcconfig */;
			buildSettings = {
				ASSETCATALOG_COMPILER_APPICON_NAME = AppIcon;
				ASSETCATALOG_COMPILER_GLOBAL_ACCENT_COLOR_NAME = AccentColor;
				"CODE_SIGN_IDENTITY[sdk=iphoneos*]" = "iPhone Developer";
				CODE_SIGN_STYLE = Manual;
				CURRENT_PROJECT_VERSION = 2024120801;
				DEVELOPMENT_TEAM = "";
				"DEVELOPMENT_TEAM[sdk=iphoneos*]" = WKPDJ2CVNJ;
				GENERATE_INFOPLIST_FILE = YES;
				INFOPLIST_FILE = "Release-iOS/Info.plist";
				INFOPLIST_KEY_LSApplicationCategoryType = "public.app-category.lifestyle";
				INFOPLIST_KEY_UIApplicationSupportsIndirectInputEvents = YES;
				INFOPLIST_KEY_UILaunchStoryboardName = LaunchScreen;
				INFOPLIST_KEY_UISupportedInterfaceOrientations = UIInterfaceOrientationPortrait;
				INFOPLIST_KEY_UISupportedInterfaceOrientations_iPad = "UIInterfaceOrientationLandscapeLeft UIInterfaceOrientationLandscapeRight UIInterfaceOrientationPortrait UIInterfaceOrientationPortraitUpsideDown";
				IPHONEOS_DEPLOYMENT_TARGET = 16.6;
				LD_RUNPATH_SEARCH_PATHS = (
					"$(inherited)",
					"@executable_path/Frameworks",
				);
				MARKETING_VERSION = 1.0.0;
				PRODUCT_BUNDLE_IDENTIFIER = kr.sogang.release;
				PRODUCT_NAME = "$(TARGET_NAME)";
				PROVISIONING_PROFILE_SPECIFIER = "";
				"PROVISIONING_PROFILE_SPECIFIER[sdk=iphoneos*]" = releaseProvisioning;
				SUPPORTED_PLATFORMS = "iphoneos iphonesimulator";
				SUPPORTS_MACCATALYST = NO;
				SUPPORTS_MAC_DESIGNED_FOR_IPHONE_IPAD = NO;
				SUPPORTS_XR_DESIGNED_FOR_IPHONE_IPAD = NO;
				SWIFT_EMIT_LOC_STRINGS = YES;
				SWIFT_VERSION = 5.0;
				TARGETED_DEVICE_FAMILY = 1;
			};
			name = Release;
		};
/* End XCBuildConfiguration section */

/* Begin XCConfigurationList section */
		2C866FCF2CD7C8D800A78039 /* Build configuration list for PBXProject "Release-iOS" */ = {
			isa = XCConfigurationList;
			buildConfigurations = (
				2C866FE62CD7C8DA00A78039 /* Debug */,
				2C866FE72CD7C8DA00A78039 /* Release */,
			);
			defaultConfigurationIsVisible = 0;
			defaultConfigurationName = Release;
		};
		2C866FE82CD7C8DA00A78039 /* Build configuration list for PBXNativeTarget "Release-iOS" */ = {
			isa = XCConfigurationList;
			buildConfigurations = (
				2C866FE92CD7C8DA00A78039 /* Debug */,
				2C866FEA2CD7C8DA00A78039 /* Release */,
			);
			defaultConfigurationIsVisible = 0;
			defaultConfigurationName = Release;
		};
/* End XCConfigurationList section */

/* Begin XCRemoteSwiftPackageReference section */
		2C866FEB2CD7C8F100A78039 /* XCRemoteSwiftPackageReference "Kingfisher" */ = {
			isa = XCRemoteSwiftPackageReference;
			repositoryURL = "https://github.com/onevcat/Kingfisher";
			requirement = {
				kind = upToNextMajorVersion;
				minimumVersion = 8.1.0;
			};
		};
		2C866FEE2CD7C8F900A78039 /* XCRemoteSwiftPackageReference "SnapKit" */ = {
			isa = XCRemoteSwiftPackageReference;
			repositoryURL = "https://github.com/SnapKit/SnapKit";
			requirement = {
				kind = upToNextMajorVersion;
				minimumVersion = 5.7.1;
			};
		};
		2C866FF12CD7C8FF00A78039 /* XCRemoteSwiftPackageReference "Then" */ = {
			isa = XCRemoteSwiftPackageReference;
			repositoryURL = "https://github.com/devxoul/Then";
			requirement = {
				kind = upToNextMajorVersion;
				minimumVersion = 3.0.0;
			};
		};
		2C866FF42CD7C90600A78039 /* XCRemoteSwiftPackageReference "lottie-ios" */ = {
			isa = XCRemoteSwiftPackageReference;
			repositoryURL = "https://github.com/airbnb/lottie-ios.git";
			requirement = {
				kind = upToNextMajorVersion;
				minimumVersion = 4.5.0;
			};
		};
/* End XCRemoteSwiftPackageReference section */

/* Begin XCSwiftPackageProductDependency section */
		2C866FEC2CD7C8F100A78039 /* Kingfisher */ = {
			isa = XCSwiftPackageProductDependency;
			package = 2C866FEB2CD7C8F100A78039 /* XCRemoteSwiftPackageReference "Kingfisher" */;
			productName = Kingfisher;
		};
		2C866FEF2CD7C8F900A78039 /* SnapKit */ = {
			isa = XCSwiftPackageProductDependency;
			package = 2C866FEE2CD7C8F900A78039 /* XCRemoteSwiftPackageReference "SnapKit" */;
			productName = SnapKit;
		};
		2C866FF22CD7C8FF00A78039 /* Then */ = {
			isa = XCSwiftPackageProductDependency;
			package = 2C866FF12CD7C8FF00A78039 /* XCRemoteSwiftPackageReference "Then" */;
			productName = Then;
		};
		2C866FF52CD7C90600A78039 /* Lottie */ = {
			isa = XCSwiftPackageProductDependency;
			package = 2C866FF42CD7C90600A78039 /* XCRemoteSwiftPackageReference "lottie-ios" */;
			productName = Lottie;
		};
/* End XCSwiftPackageProductDependency section */
	};
	rootObject = 2C866FCC2CD7C8D800A78039 /* Project object */;
}
