// !$*UTF8*$!
{
	archiveVersion = 1;
	classes = {
	};
	objectVersion = 56;
	objects = {

/* Begin PBXBuildFile section */
		2C044A532C7E5C74005A26C7 /* LoginView.swift in Sources */ = {isa = PBXBuildFile; fileRef = 2C044A522C7E5C74005A26C7 /* LoginView.swift */; };
		2C1DC1542C79AE8900EB92DF /* HomeNoticeView.swift in Sources */ = {isa = PBXBuildFile; fileRef = 2C1DC1532C79AE8900EB92DF /* HomeNoticeView.swift */; };
		2C1DC1562C79AEB000EB92DF /* NoticeDTO.swift in Sources */ = {isa = PBXBuildFile; fileRef = 2C1DC1552C79AEB000EB92DF /* NoticeDTO.swift */; };
		2C1DC1582C79AF6C00EB92DF /* HomeNoticeViewCell.swift in Sources */ = {isa = PBXBuildFile; fileRef = 2C1DC1572C79AF6C00EB92DF /* HomeNoticeViewCell.swift */; };
		2C6E4E322C6A5D1800E60363 /* Release_iOSApp.swift in Sources */ = {isa = PBXBuildFile; fileRef = 2C6E4E312C6A5D1800E60363 /* Release_iOSApp.swift */; };
		2C6E4E342C6A5D1800E60363 /* ContentView.swift in Sources */ = {isa = PBXBuildFile; fileRef = 2C6E4E332C6A5D1800E60363 /* ContentView.swift */; };
		2C6E4E362C6A5D1A00E60363 /* Assets.xcassets in Resources */ = {isa = PBXBuildFile; fileRef = 2C6E4E352C6A5D1A00E60363 /* Assets.xcassets */; };
		2C6E4E392C6A5D1A00E60363 /* Preview Assets.xcassets in Resources */ = {isa = PBXBuildFile; fileRef = 2C6E4E382C6A5D1A00E60363 /* Preview Assets.xcassets */; };
		2C6E4E412C6A5D6200E60363 /* Pretendard-SemiBold.otf in Resources */ = {isa = PBXBuildFile; fileRef = 2C6E4E402C6A5D6200E60363 /* Pretendard-SemiBold.otf */; };
		2C6E4E432C6A5D6A00E60363 /* Pretendard-Regular.otf in Resources */ = {isa = PBXBuildFile; fileRef = 2C6E4E422C6A5D6A00E60363 /* Pretendard-Regular.otf */; };
		2C6E4E4A2C6A600A00E60363 /* Font+.swift in Sources */ = {isa = PBXBuildFile; fileRef = 2C6E4E492C6A600A00E60363 /* Font+.swift */; };
		2C6E4E4C2C6A705400E60363 /* HomeView.swift in Sources */ = {isa = PBXBuildFile; fileRef = 2C6E4E4B2C6A705400E60363 /* HomeView.swift */; };
		2C6E4E4F2C6A70B600E60363 /* ActivityView.swift in Sources */ = {isa = PBXBuildFile; fileRef = 2C6E4E4E2C6A70B600E60363 /* ActivityView.swift */; };
		2C6E4E512C6A70D600E60363 /* BookView.swift in Sources */ = {isa = PBXBuildFile; fileRef = 2C6E4E502C6A70D600E60363 /* BookView.swift */; };
		2C6E4E532C6A70EE00E60363 /* MyView.swift in Sources */ = {isa = PBXBuildFile; fileRef = 2C6E4E522C6A70EE00E60363 /* MyView.swift */; };
		2C6E4E572C6A788E00E60363 /* CustomTabView.swift in Sources */ = {isa = PBXBuildFile; fileRef = 2C6E4E562C6A788E00E60363 /* CustomTabView.swift */; };
		2C92FEE12C6F57D70044920F /* ActivityCell.swift in Sources */ = {isa = PBXBuildFile; fileRef = 2C92FEE02C6F57D70044920F /* ActivityCell.swift */; };
		2C97236F2C6DD431007F2C3D /* String.swift in Sources */ = {isa = PBXBuildFile; fileRef = 2C97236E2C6DD431007F2C3D /* String.swift */; };
		2C9723712C6E251F007F2C3D /* Dummy.swift in Sources */ = {isa = PBXBuildFile; fileRef = 2C9723702C6E251F007F2C3D /* Dummy.swift */; };
		2C9723732C6E27E0007F2C3D /* ActivityDetailView.swift in Sources */ = {isa = PBXBuildFile; fileRef = 2C9723722C6E27E0007F2C3D /* ActivityDetailView.swift */; };
		2CBC76B02C75F07300C0D3EC /* BookCell.swift in Sources */ = {isa = PBXBuildFile; fileRef = 2CBC76AF2C75F07300C0D3EC /* BookCell.swift */; };
		2CBC76B22C75F1B100C0D3EC /* BookDetailView.swift in Sources */ = {isa = PBXBuildFile; fileRef = 2CBC76B12C75F1B100C0D3EC /* BookDetailView.swift */; };
		2CC6A9C02C7669CD008DB5F1 /* HomeWeeklyView.swift in Sources */ = {isa = PBXBuildFile; fileRef = 2CC6A9BF2C7669CD008DB5F1 /* HomeWeeklyView.swift */; };
		2CC6A9C22C7669D8008DB5F1 /* HomeWeeklyViewCell.swift in Sources */ = {isa = PBXBuildFile; fileRef = 2CC6A9C12C7669D8008DB5F1 /* HomeWeeklyViewCell.swift */; };
		2CC6A9C52C7699A0008DB5F1 /* MyActivityView.swift in Sources */ = {isa = PBXBuildFile; fileRef = 2CC6A9C42C7699A0008DB5F1 /* MyActivityView.swift */; };
		2CC6A9C72C76A4C1008DB5F1 /* MyBookView.swift in Sources */ = {isa = PBXBuildFile; fileRef = 2CC6A9C62C76A4C1008DB5F1 /* MyBookView.swift */; };
		2CC6A9C92C76A5C0008DB5F1 /* MyInfoEditView.swift in Sources */ = {isa = PBXBuildFile; fileRef = 2CC6A9C82C76A5C0008DB5F1 /* MyInfoEditView.swift */; };
		2CC6A9CB2C76ACBA008DB5F1 /* TextField+.swift in Sources */ = {isa = PBXBuildFile; fileRef = 2CC6A9CA2C76ACBA008DB5F1 /* TextField+.swift */; };
		2CC6A9CD2C76B3D8008DB5F1 /* MyPasswordEditView.swift in Sources */ = {isa = PBXBuildFile; fileRef = 2CC6A9CC2C76B3D8008DB5F1 /* MyPasswordEditView.swift */; };
		2CC6A9D22C772986008DB5F1 /* ActivityDTO.swift in Sources */ = {isa = PBXBuildFile; fileRef = 2CC6A9D12C772986008DB5F1 /* ActivityDTO.swift */; };
		2CC6A9D42C772998008DB5F1 /* EventDTO.swift in Sources */ = {isa = PBXBuildFile; fileRef = 2CC6A9D32C772998008DB5F1 /* EventDTO.swift */; };
		2CC6A9D82C7729D1008DB5F1 /* BookDTO.swift in Sources */ = {isa = PBXBuildFile; fileRef = 2CC6A9D72C7729D1008DB5F1 /* BookDTO.swift */; };
		2CC6A9DA2C7729FB008DB5F1 /* MyDTO.swift in Sources */ = {isa = PBXBuildFile; fileRef = 2CC6A9D92C7729FB008DB5F1 /* MyDTO.swift */; };
		2CC6A9DC2C772A0E008DB5F1 /* WeeklyEventDTO.swift in Sources */ = {isa = PBXBuildFile; fileRef = 2CC6A9DB2C772A0E008DB5F1 /* WeeklyEventDTO.swift */; };
		2CC6A9DE2C772A26008DB5F1 /* HomeWeeklyEmptyViewCell.swift in Sources */ = {isa = PBXBuildFile; fileRef = 2CC6A9DD2C772A26008DB5F1 /* HomeWeeklyEmptyViewCell.swift */; };
/* End PBXBuildFile section */

/* Begin PBXFileReference section */
		2C044A522C7E5C74005A26C7 /* LoginView.swift */ = {isa = PBXFileReference; lastKnownFileType = sourcecode.swift; path = LoginView.swift; sourceTree = "<group>"; };
		2C1DC1532C79AE8900EB92DF /* HomeNoticeView.swift */ = {isa = PBXFileReference; lastKnownFileType = sourcecode.swift; path = HomeNoticeView.swift; sourceTree = "<group>"; };
		2C1DC1552C79AEB000EB92DF /* NoticeDTO.swift */ = {isa = PBXFileReference; lastKnownFileType = sourcecode.swift; path = NoticeDTO.swift; sourceTree = "<group>"; };
		2C1DC1572C79AF6C00EB92DF /* HomeNoticeViewCell.swift */ = {isa = PBXFileReference; lastKnownFileType = sourcecode.swift; path = HomeNoticeViewCell.swift; sourceTree = "<group>"; };
		2C6E4E2E2C6A5D1800E60363 /* Release-iOS.app */ = {isa = PBXFileReference; explicitFileType = wrapper.application; includeInIndex = 0; path = "Release-iOS.app"; sourceTree = BUILT_PRODUCTS_DIR; };
		2C6E4E312C6A5D1800E60363 /* Release_iOSApp.swift */ = {isa = PBXFileReference; lastKnownFileType = sourcecode.swift; path = Release_iOSApp.swift; sourceTree = "<group>"; };
		2C6E4E332C6A5D1800E60363 /* ContentView.swift */ = {isa = PBXFileReference; lastKnownFileType = sourcecode.swift; path = ContentView.swift; sourceTree = "<group>"; };
		2C6E4E352C6A5D1A00E60363 /* Assets.xcassets */ = {isa = PBXFileReference; lastKnownFileType = folder.assetcatalog; path = Assets.xcassets; sourceTree = "<group>"; };
		2C6E4E382C6A5D1A00E60363 /* Preview Assets.xcassets */ = {isa = PBXFileReference; lastKnownFileType = folder.assetcatalog; path = "Preview Assets.xcassets"; sourceTree = "<group>"; };
		2C6E4E402C6A5D6200E60363 /* Pretendard-SemiBold.otf */ = {isa = PBXFileReference; lastKnownFileType = file; path = "Pretendard-SemiBold.otf"; sourceTree = "<group>"; };
		2C6E4E422C6A5D6A00E60363 /* Pretendard-Regular.otf */ = {isa = PBXFileReference; lastKnownFileType = file; path = "Pretendard-Regular.otf"; sourceTree = "<group>"; };
		2C6E4E462C6A5F1100E60363 /* Info.plist */ = {isa = PBXFileReference; lastKnownFileType = text.plist.xml; path = Info.plist; sourceTree = "<group>"; };
		2C6E4E492C6A600A00E60363 /* Font+.swift */ = {isa = PBXFileReference; lastKnownFileType = sourcecode.swift; path = "Font+.swift"; sourceTree = "<group>"; };
		2C6E4E4B2C6A705400E60363 /* HomeView.swift */ = {isa = PBXFileReference; lastKnownFileType = sourcecode.swift; path = HomeView.swift; sourceTree = "<group>"; };
		2C6E4E4E2C6A70B600E60363 /* ActivityView.swift */ = {isa = PBXFileReference; lastKnownFileType = sourcecode.swift; path = ActivityView.swift; sourceTree = "<group>"; };
		2C6E4E502C6A70D600E60363 /* BookView.swift */ = {isa = PBXFileReference; lastKnownFileType = sourcecode.swift; path = BookView.swift; sourceTree = "<group>"; };
		2C6E4E522C6A70EE00E60363 /* MyView.swift */ = {isa = PBXFileReference; lastKnownFileType = sourcecode.swift; path = MyView.swift; sourceTree = "<group>"; };
		2C6E4E562C6A788E00E60363 /* CustomTabView.swift */ = {isa = PBXFileReference; lastKnownFileType = sourcecode.swift; path = CustomTabView.swift; sourceTree = "<group>"; };
		2C92FEE02C6F57D70044920F /* ActivityCell.swift */ = {isa = PBXFileReference; lastKnownFileType = sourcecode.swift; path = ActivityCell.swift; sourceTree = "<group>"; };
		2C97236E2C6DD431007F2C3D /* String.swift */ = {isa = PBXFileReference; lastKnownFileType = sourcecode.swift; path = String.swift; sourceTree = "<group>"; };
		2C9723702C6E251F007F2C3D /* Dummy.swift */ = {isa = PBXFileReference; lastKnownFileType = sourcecode.swift; path = Dummy.swift; sourceTree = "<group>"; };
		2C9723722C6E27E0007F2C3D /* ActivityDetailView.swift */ = {isa = PBXFileReference; lastKnownFileType = sourcecode.swift; path = ActivityDetailView.swift; sourceTree = "<group>"; };
		2CBC76AF2C75F07300C0D3EC /* BookCell.swift */ = {isa = PBXFileReference; lastKnownFileType = sourcecode.swift; path = BookCell.swift; sourceTree = "<group>"; };
		2CBC76B12C75F1B100C0D3EC /* BookDetailView.swift */ = {isa = PBXFileReference; lastKnownFileType = sourcecode.swift; path = BookDetailView.swift; sourceTree = "<group>"; };
		2CC6A9BF2C7669CD008DB5F1 /* HomeWeeklyView.swift */ = {isa = PBXFileReference; lastKnownFileType = sourcecode.swift; path = HomeWeeklyView.swift; sourceTree = "<group>"; };
		2CC6A9C12C7669D8008DB5F1 /* HomeWeeklyViewCell.swift */ = {isa = PBXFileReference; lastKnownFileType = sourcecode.swift; path = HomeWeeklyViewCell.swift; sourceTree = "<group>"; };
		2CC6A9C42C7699A0008DB5F1 /* MyActivityView.swift */ = {isa = PBXFileReference; lastKnownFileType = sourcecode.swift; path = MyActivityView.swift; sourceTree = "<group>"; };
		2CC6A9C62C76A4C1008DB5F1 /* MyBookView.swift */ = {isa = PBXFileReference; lastKnownFileType = sourcecode.swift; path = MyBookView.swift; sourceTree = "<group>"; };
		2CC6A9C82C76A5C0008DB5F1 /* MyInfoEditView.swift */ = {isa = PBXFileReference; lastKnownFileType = sourcecode.swift; path = MyInfoEditView.swift; sourceTree = "<group>"; };
		2CC6A9CA2C76ACBA008DB5F1 /* TextField+.swift */ = {isa = PBXFileReference; lastKnownFileType = sourcecode.swift; path = "TextField+.swift"; sourceTree = "<group>"; };
		2CC6A9CC2C76B3D8008DB5F1 /* MyPasswordEditView.swift */ = {isa = PBXFileReference; lastKnownFileType = sourcecode.swift; path = MyPasswordEditView.swift; sourceTree = "<group>"; };
		2CC6A9D12C772986008DB5F1 /* ActivityDTO.swift */ = {isa = PBXFileReference; lastKnownFileType = sourcecode.swift; path = ActivityDTO.swift; sourceTree = "<group>"; };
		2CC6A9D32C772998008DB5F1 /* EventDTO.swift */ = {isa = PBXFileReference; lastKnownFileType = sourcecode.swift; path = EventDTO.swift; sourceTree = "<group>"; };
		2CC6A9D72C7729D1008DB5F1 /* BookDTO.swift */ = {isa = PBXFileReference; lastKnownFileType = sourcecode.swift; path = BookDTO.swift; sourceTree = "<group>"; };
		2CC6A9D92C7729FB008DB5F1 /* MyDTO.swift */ = {isa = PBXFileReference; lastKnownFileType = sourcecode.swift; path = MyDTO.swift; sourceTree = "<group>"; };
		2CC6A9DB2C772A0E008DB5F1 /* WeeklyEventDTO.swift */ = {isa = PBXFileReference; lastKnownFileType = sourcecode.swift; path = WeeklyEventDTO.swift; sourceTree = "<group>"; };
		2CC6A9DD2C772A26008DB5F1 /* HomeWeeklyEmptyViewCell.swift */ = {isa = PBXFileReference; lastKnownFileType = sourcecode.swift; path = HomeWeeklyEmptyViewCell.swift; sourceTree = "<group>"; };
/* End PBXFileReference section */

/* Begin PBXFrameworksBuildPhase section */
		2C6E4E2B2C6A5D1800E60363 /* Frameworks */ = {
			isa = PBXFrameworksBuildPhase;
			buildActionMask = 2147483647;
			files = (
			);
			runOnlyForDeploymentPostprocessing = 0;
		};
/* End PBXFrameworksBuildPhase section */

/* Begin PBXGroup section */
		2C044A512C7E5C46005A26C7 /* Login */ = {
			isa = PBXGroup;
			children = (
				2C044A522C7E5C74005A26C7 /* LoginView.swift */,
			);
			path = Login;
			sourceTree = "<group>";
		};
		2C6E4E252C6A5D1800E60363 = {
			isa = PBXGroup;
			children = (
				2C6E4E302C6A5D1800E60363 /* Release-iOS */,
				2C6E4E2F2C6A5D1800E60363 /* Products */,
			);
			sourceTree = "<group>";
		};
		2C6E4E2F2C6A5D1800E60363 /* Products */ = {
			isa = PBXGroup;
			children = (
				2C6E4E2E2C6A5D1800E60363 /* Release-iOS.app */,
			);
			name = Products;
			sourceTree = "<group>";
		};
		2C6E4E302C6A5D1800E60363 /* Release-iOS */ = {
			isa = PBXGroup;
			children = (
				2C6E4E462C6A5F1100E60363 /* Info.plist */,
				2C6E4E3F2C6A5D4A00E60363 /* Resource */,
				2C6E4E4D2C6A706000E60363 /* Presentation */,
				2C6E4E312C6A5D1800E60363 /* Release_iOSApp.swift */,
				2C6E4E372C6A5D1A00E60363 /* Preview Content */,
			);
			path = "Release-iOS";
			sourceTree = "<group>";
		};
		2C6E4E372C6A5D1A00E60363 /* Preview Content */ = {
			isa = PBXGroup;
			children = (
				2C6E4E382C6A5D1A00E60363 /* Preview Assets.xcassets */,
			);
			path = "Preview Content";
			sourceTree = "<group>";
		};
		2C6E4E3F2C6A5D4A00E60363 /* Resource */ = {
			isa = PBXGroup;
			children = (
				2C6E4E352C6A5D1A00E60363 /* Assets.xcassets */,
				2CC6A9DF2C772AA3008DB5F1 /* Constant */,
				2C6E4E482C6A5FFA00E60363 /* Extension */,
				2C6E4E472C6A5FEF00E60363 /* Font */,
			);
			path = Resource;
			sourceTree = "<group>";
		};
		2C6E4E472C6A5FEF00E60363 /* Font */ = {
			isa = PBXGroup;
			children = (
				2C6E4E422C6A5D6A00E60363 /* Pretendard-Regular.otf */,
				2C6E4E402C6A5D6200E60363 /* Pretendard-SemiBold.otf */,
			);
			path = Font;
			sourceTree = "<group>";
		};
		2C6E4E482C6A5FFA00E60363 /* Extension */ = {
			isa = PBXGroup;
			children = (
				2C6E4E492C6A600A00E60363 /* Font+.swift */,
				2CC6A9CA2C76ACBA008DB5F1 /* TextField+.swift */,
			);
			path = Extension;
			sourceTree = "<group>";
		};
		2C6E4E4D2C6A706000E60363 /* Presentation */ = {
			isa = PBXGroup;
			children = (
				2C044A512C7E5C46005A26C7 /* Login */,
				2C9723702C6E251F007F2C3D /* Dummy.swift */,
				2CC6A9D02C772945008DB5F1 /* DTO */,
				2CC6A9C32C76896D008DB5F1 /* My */,
				2CC6A9BA2C76640E008DB5F1 /* Home */,
				2CBC76AE2C75F04D00C0D3EC /* Book */,
				2C7A7CDB2C6CF1DE0071C259 /* Activity */,
				2C6E4E332C6A5D1800E60363 /* ContentView.swift */,
				2C6E4E562C6A788E00E60363 /* CustomTabView.swift */,
			);
			path = Presentation;
			sourceTree = "<group>";
		};
		2C7A7CDB2C6CF1DE0071C259 /* Activity */ = {
			isa = PBXGroup;
			children = (
				2C6E4E4E2C6A70B600E60363 /* ActivityView.swift */,
				2C92FEE02C6F57D70044920F /* ActivityCell.swift */,
				2C9723722C6E27E0007F2C3D /* ActivityDetailView.swift */,
			);
			path = Activity;
			sourceTree = "<group>";
		};
		2CBC76AE2C75F04D00C0D3EC /* Book */ = {
			isa = PBXGroup;
			children = (
				2C6E4E502C6A70D600E60363 /* BookView.swift */,
				2CBC76AF2C75F07300C0D3EC /* BookCell.swift */,
				2CBC76B12C75F1B100C0D3EC /* BookDetailView.swift */,
			);
			path = Book;
			sourceTree = "<group>";
		};
		2CC6A9BA2C76640E008DB5F1 /* Home */ = {
			isa = PBXGroup;
			children = (
				2C6E4E4B2C6A705400E60363 /* HomeView.swift */,
				2CC6A9BF2C7669CD008DB5F1 /* HomeWeeklyView.swift */,
				2C1DC1532C79AE8900EB92DF /* HomeNoticeView.swift */,
				2C1DC1572C79AF6C00EB92DF /* HomeNoticeViewCell.swift */,
				2CC6A9C12C7669D8008DB5F1 /* HomeWeeklyViewCell.swift */,
				2CC6A9DD2C772A26008DB5F1 /* HomeWeeklyEmptyViewCell.swift */,
			);
			path = Home;
			sourceTree = "<group>";
		};
		2CC6A9C32C76896D008DB5F1 /* My */ = {
			isa = PBXGroup;
			children = (
				2C6E4E522C6A70EE00E60363 /* MyView.swift */,
				2CC6A9C42C7699A0008DB5F1 /* MyActivityView.swift */,
				2CC6A9C62C76A4C1008DB5F1 /* MyBookView.swift */,
				2CC6A9C82C76A5C0008DB5F1 /* MyInfoEditView.swift */,
				2CC6A9CC2C76B3D8008DB5F1 /* MyPasswordEditView.swift */,
			);
			path = My;
			sourceTree = "<group>";
		};
		2CC6A9D02C772945008DB5F1 /* DTO */ = {
			isa = PBXGroup;
			children = (
				2CC6A9D12C772986008DB5F1 /* ActivityDTO.swift */,
				2CC6A9D32C772998008DB5F1 /* EventDTO.swift */,
				2CC6A9D72C7729D1008DB5F1 /* BookDTO.swift */,
				2CC6A9D92C7729FB008DB5F1 /* MyDTO.swift */,
				2CC6A9DB2C772A0E008DB5F1 /* WeeklyEventDTO.swift */,
				2C1DC1552C79AEB000EB92DF /* NoticeDTO.swift */,
			);
			path = DTO;
			sourceTree = "<group>";
		};
		2CC6A9DF2C772AA3008DB5F1 /* Constant */ = {
			isa = PBXGroup;
			children = (
				2C97236E2C6DD431007F2C3D /* String.swift */,
			);
			path = Constant;
			sourceTree = "<group>";
		};
/* End PBXGroup section */

/* Begin PBXNativeTarget section */
		2C6E4E2D2C6A5D1800E60363 /* Release-iOS */ = {
			isa = PBXNativeTarget;
			buildConfigurationList = 2C6E4E3C2C6A5D1A00E60363 /* Build configuration list for PBXNativeTarget "Release-iOS" */;
			buildPhases = (
				2C6E4E2A2C6A5D1800E60363 /* Sources */,
				2C6E4E2B2C6A5D1800E60363 /* Frameworks */,
				2C6E4E2C2C6A5D1800E60363 /* Resources */,
			);
			buildRules = (
			);
			dependencies = (
			);
			name = "Release-iOS";
			productName = "Release-iOS";
			productReference = 2C6E4E2E2C6A5D1800E60363 /* Release-iOS.app */;
			productType = "com.apple.product-type.application";
		};
/* End PBXNativeTarget section */

/* Begin PBXProject section */
		2C6E4E262C6A5D1800E60363 /* Project object */ = {
			isa = PBXProject;
			attributes = {
				BuildIndependentTargetsInParallel = 1;
				LastSwiftUpdateCheck = 1520;
				LastUpgradeCheck = 1520;
				TargetAttributes = {
					2C6E4E2D2C6A5D1800E60363 = {
						CreatedOnToolsVersion = 15.2;
					};
				};
			};
			buildConfigurationList = 2C6E4E292C6A5D1800E60363 /* Build configuration list for PBXProject "Release-iOS" */;
			compatibilityVersion = "Xcode 14.0";
			developmentRegion = en;
			hasScannedForEncodings = 0;
			knownRegions = (
				en,
				Base,
			);
			mainGroup = 2C6E4E252C6A5D1800E60363;
			productRefGroup = 2C6E4E2F2C6A5D1800E60363 /* Products */;
			projectDirPath = "";
			projectRoot = "";
			targets = (
				2C6E4E2D2C6A5D1800E60363 /* Release-iOS */,
			);
		};
/* End PBXProject section */

/* Begin PBXResourcesBuildPhase section */
		2C6E4E2C2C6A5D1800E60363 /* Resources */ = {
			isa = PBXResourcesBuildPhase;
			buildActionMask = 2147483647;
			files = (
				2C6E4E412C6A5D6200E60363 /* Pretendard-SemiBold.otf in Resources */,
				2C6E4E432C6A5D6A00E60363 /* Pretendard-Regular.otf in Resources */,
				2C6E4E392C6A5D1A00E60363 /* Preview Assets.xcassets in Resources */,
				2C6E4E362C6A5D1A00E60363 /* Assets.xcassets in Resources */,
			);
			runOnlyForDeploymentPostprocessing = 0;
		};
/* End PBXResourcesBuildPhase section */

/* Begin PBXSourcesBuildPhase section */
		2C6E4E2A2C6A5D1800E60363 /* Sources */ = {
			isa = PBXSourcesBuildPhase;
			buildActionMask = 2147483647;
			files = (
				2CC6A9D22C772986008DB5F1 /* ActivityDTO.swift in Sources */,
				2C1DC1562C79AEB000EB92DF /* NoticeDTO.swift in Sources */,
				2CC6A9DC2C772A0E008DB5F1 /* WeeklyEventDTO.swift in Sources */,
				2C9723732C6E27E0007F2C3D /* ActivityDetailView.swift in Sources */,
				2CC6A9D82C7729D1008DB5F1 /* BookDTO.swift in Sources */,
				2C6E4E532C6A70EE00E60363 /* MyView.swift in Sources */,
				2C6E4E4A2C6A600A00E60363 /* Font+.swift in Sources */,
				2C9723712C6E251F007F2C3D /* Dummy.swift in Sources */,
				2CC6A9CD2C76B3D8008DB5F1 /* MyPasswordEditView.swift in Sources */,
				2CBC76B02C75F07300C0D3EC /* BookCell.swift in Sources */,
				2C6E4E4C2C6A705400E60363 /* HomeView.swift in Sources */,
				2CBC76B22C75F1B100C0D3EC /* BookDetailView.swift in Sources */,
				2CC6A9CB2C76ACBA008DB5F1 /* TextField+.swift in Sources */,
				2C97236F2C6DD431007F2C3D /* String.swift in Sources */,
				2CC6A9C22C7669D8008DB5F1 /* HomeWeeklyViewCell.swift in Sources */,
				2C6E4E572C6A788E00E60363 /* CustomTabView.swift in Sources */,
				2C6E4E342C6A5D1800E60363 /* ContentView.swift in Sources */,
				2CC6A9C52C7699A0008DB5F1 /* MyActivityView.swift in Sources */,
				2C1DC1542C79AE8900EB92DF /* HomeNoticeView.swift in Sources */,
				2C6E4E512C6A70D600E60363 /* BookView.swift in Sources */,
				2C6E4E4F2C6A70B600E60363 /* ActivityView.swift in Sources */,
				2C92FEE12C6F57D70044920F /* ActivityCell.swift in Sources */,
				2C044A532C7E5C74005A26C7 /* LoginView.swift in Sources */,
				2C1DC1582C79AF6C00EB92DF /* HomeNoticeViewCell.swift in Sources */,
				2CC6A9C02C7669CD008DB5F1 /* HomeWeeklyView.swift in Sources */,
				2C6E4E322C6A5D1800E60363 /* Release_iOSApp.swift in Sources */,
				2CC6A9C92C76A5C0008DB5F1 /* MyInfoEditView.swift in Sources */,
				2CC6A9DE2C772A26008DB5F1 /* HomeWeeklyEmptyViewCell.swift in Sources */,
				2CC6A9DA2C7729FB008DB5F1 /* MyDTO.swift in Sources */,
				2CC6A9C72C76A4C1008DB5F1 /* MyBookView.swift in Sources */,
				2CC6A9D42C772998008DB5F1 /* EventDTO.swift in Sources */,
			);
			runOnlyForDeploymentPostprocessing = 0;
		};
/* End PBXSourcesBuildPhase section */

/* Begin XCBuildConfiguration section */
		2C6E4E3A2C6A5D1A00E60363 /* Debug */ = {
			isa = XCBuildConfiguration;
			buildSettings = {
				ALWAYS_SEARCH_USER_PATHS = NO;
				ASSETCATALOG_COMPILER_GENERATE_SWIFT_ASSET_SYMBOL_EXTENSIONS = YES;
				CLANG_ANALYZER_NONNULL = YES;
				CLANG_ANALYZER_NUMBER_OBJECT_CONVERSION = YES_AGGRESSIVE;
				CLANG_CXX_LANGUAGE_STANDARD = "gnu++20";
				CLANG_ENABLE_MODULES = YES;
				CLANG_ENABLE_OBJC_ARC = YES;
				CLANG_ENABLE_OBJC_WEAK = YES;
				CLANG_WARN_BLOCK_CAPTURE_AUTORELEASING = YES;
				CLANG_WARN_BOOL_CONVERSION = YES;
				CLANG_WARN_COMMA = YES;
				CLANG_WARN_CONSTANT_CONVERSION = YES;
				CLANG_WARN_DEPRECATED_OBJC_IMPLEMENTATIONS = YES;
				CLANG_WARN_DIRECT_OBJC_ISA_USAGE = YES_ERROR;
				CLANG_WARN_DOCUMENTATION_COMMENTS = YES;
				CLANG_WARN_EMPTY_BODY = YES;
				CLANG_WARN_ENUM_CONVERSION = YES;
				CLANG_WARN_INFINITE_RECURSION = YES;
				CLANG_WARN_INT_CONVERSION = YES;
				CLANG_WARN_NON_LITERAL_NULL_CONVERSION = YES;
				CLANG_WARN_OBJC_IMPLICIT_RETAIN_SELF = YES;
				CLANG_WARN_OBJC_LITERAL_CONVERSION = YES;
				CLANG_WARN_OBJC_ROOT_CLASS = YES_ERROR;
				CLANG_WARN_QUOTED_INCLUDE_IN_FRAMEWORK_HEADER = YES;
				CLANG_WARN_RANGE_LOOP_ANALYSIS = YES;
				CLANG_WARN_STRICT_PROTOTYPES = YES;
				CLANG_WARN_SUSPICIOUS_MOVE = YES;
				CLANG_WARN_UNGUARDED_AVAILABILITY = YES_AGGRESSIVE;
				CLANG_WARN_UNREACHABLE_CODE = YES;
				CLANG_WARN__DUPLICATE_METHOD_MATCH = YES;
				COPY_PHASE_STRIP = NO;
				DEBUG_INFORMATION_FORMAT = dwarf;
				ENABLE_STRICT_OBJC_MSGSEND = YES;
				ENABLE_TESTABILITY = YES;
				ENABLE_USER_SCRIPT_SANDBOXING = YES;
				GCC_C_LANGUAGE_STANDARD = gnu17;
				GCC_DYNAMIC_NO_PIC = NO;
				GCC_NO_COMMON_BLOCKS = YES;
				GCC_OPTIMIZATION_LEVEL = 0;
				GCC_PREPROCESSOR_DEFINITIONS = (
					"DEBUG=1",
					"$(inherited)",
				);
				GCC_WARN_64_TO_32_BIT_CONVERSION = YES;
				GCC_WARN_ABOUT_RETURN_TYPE = YES_ERROR;
				GCC_WARN_UNDECLARED_SELECTOR = YES;
				GCC_WARN_UNINITIALIZED_AUTOS = YES_AGGRESSIVE;
				GCC_WARN_UNUSED_FUNCTION = YES;
				GCC_WARN_UNUSED_VARIABLE = YES;
				IPHONEOS_DEPLOYMENT_TARGET = 17.2;
				LOCALIZATION_PREFERS_STRING_CATALOGS = YES;
				MTL_ENABLE_DEBUG_INFO = INCLUDE_SOURCE;
				MTL_FAST_MATH = YES;
				ONLY_ACTIVE_ARCH = YES;
				SDKROOT = iphoneos;
				SWIFT_ACTIVE_COMPILATION_CONDITIONS = "DEBUG $(inherited)";
				SWIFT_OPTIMIZATION_LEVEL = "-Onone";
			};
			name = Debug;
		};
		2C6E4E3B2C6A5D1A00E60363 /* Release */ = {
			isa = XCBuildConfiguration;
			buildSettings = {
				ALWAYS_SEARCH_USER_PATHS = NO;
				ASSETCATALOG_COMPILER_GENERATE_SWIFT_ASSET_SYMBOL_EXTENSIONS = YES;
				CLANG_ANALYZER_NONNULL = YES;
				CLANG_ANALYZER_NUMBER_OBJECT_CONVERSION = YES_AGGRESSIVE;
				CLANG_CXX_LANGUAGE_STANDARD = "gnu++20";
				CLANG_ENABLE_MODULES = YES;
				CLANG_ENABLE_OBJC_ARC = YES;
				CLANG_ENABLE_OBJC_WEAK = YES;
				CLANG_WARN_BLOCK_CAPTURE_AUTORELEASING = YES;
				CLANG_WARN_BOOL_CONVERSION = YES;
				CLANG_WARN_COMMA = YES;
				CLANG_WARN_CONSTANT_CONVERSION = YES;
				CLANG_WARN_DEPRECATED_OBJC_IMPLEMENTATIONS = YES;
				CLANG_WARN_DIRECT_OBJC_ISA_USAGE = YES_ERROR;
				CLANG_WARN_DOCUMENTATION_COMMENTS = YES;
				CLANG_WARN_EMPTY_BODY = YES;
				CLANG_WARN_ENUM_CONVERSION = YES;
				CLANG_WARN_INFINITE_RECURSION = YES;
				CLANG_WARN_INT_CONVERSION = YES;
				CLANG_WARN_NON_LITERAL_NULL_CONVERSION = YES;
				CLANG_WARN_OBJC_IMPLICIT_RETAIN_SELF = YES;
				CLANG_WARN_OBJC_LITERAL_CONVERSION = YES;
				CLANG_WARN_OBJC_ROOT_CLASS = YES_ERROR;
				CLANG_WARN_QUOTED_INCLUDE_IN_FRAMEWORK_HEADER = YES;
				CLANG_WARN_RANGE_LOOP_ANALYSIS = YES;
				CLANG_WARN_STRICT_PROTOTYPES = YES;
				CLANG_WARN_SUSPICIOUS_MOVE = YES;
				CLANG_WARN_UNGUARDED_AVAILABILITY = YES_AGGRESSIVE;
				CLANG_WARN_UNREACHABLE_CODE = YES;
				CLANG_WARN__DUPLICATE_METHOD_MATCH = YES;
				COPY_PHASE_STRIP = NO;
				DEBUG_INFORMATION_FORMAT = "dwarf-with-dsym";
				ENABLE_NS_ASSERTIONS = NO;
				ENABLE_STRICT_OBJC_MSGSEND = YES;
				ENABLE_USER_SCRIPT_SANDBOXING = YES;
				GCC_C_LANGUAGE_STANDARD = gnu17;
				GCC_NO_COMMON_BLOCKS = YES;
				GCC_WARN_64_TO_32_BIT_CONVERSION = YES;
				GCC_WARN_ABOUT_RETURN_TYPE = YES_ERROR;
				GCC_WARN_UNDECLARED_SELECTOR = YES;
				GCC_WARN_UNINITIALIZED_AUTOS = YES_AGGRESSIVE;
				GCC_WARN_UNUSED_FUNCTION = YES;
				GCC_WARN_UNUSED_VARIABLE = YES;
				IPHONEOS_DEPLOYMENT_TARGET = 17.2;
				LOCALIZATION_PREFERS_STRING_CATALOGS = YES;
				MTL_ENABLE_DEBUG_INFO = NO;
				MTL_FAST_MATH = YES;
				SDKROOT = iphoneos;
				SWIFT_COMPILATION_MODE = wholemodule;
				VALIDATE_PRODUCT = YES;
			};
			name = Release;
		};
		2C6E4E3D2C6A5D1A00E60363 /* Debug */ = {
			isa = XCBuildConfiguration;
			buildSettings = {
				ASSETCATALOG_COMPILER_APPICON_NAME = AppIcon;
				ASSETCATALOG_COMPILER_GLOBAL_ACCENT_COLOR_NAME = AccentColor;
				CODE_SIGN_STYLE = Automatic;
				CURRENT_PROJECT_VERSION = 1;
				DEVELOPMENT_ASSET_PATHS = "\"Release-iOS/Preview Content\"";
				DEVELOPMENT_TEAM = L4327HMP3S;
				ENABLE_PREVIEWS = YES;
				GENERATE_INFOPLIST_FILE = YES;
				INFOPLIST_FILE = "Release-iOS/Info.plist";
				INFOPLIST_KEY_UIApplicationSceneManifest_Generation = YES;
				INFOPLIST_KEY_UIApplicationSupportsIndirectInputEvents = YES;
				INFOPLIST_KEY_UILaunchScreen_Generation = YES;
				INFOPLIST_KEY_UISupportedInterfaceOrientations_iPad = "UIInterfaceOrientationPortrait UIInterfaceOrientationPortraitUpsideDown UIInterfaceOrientationLandscapeLeft UIInterfaceOrientationLandscapeRight";
				INFOPLIST_KEY_UISupportedInterfaceOrientations_iPhone = "UIInterfaceOrientationPortrait UIInterfaceOrientationLandscapeLeft UIInterfaceOrientationLandscapeRight";
				IPHONEOS_DEPLOYMENT_TARGET = 17.0;
				LD_RUNPATH_SEARCH_PATHS = (
					"$(inherited)",
					"@executable_path/Frameworks",
				);
				MARKETING_VERSION = 1.0;
				PRODUCT_BUNDLE_IDENTIFIER = "sogang.Release-iOS";
				PRODUCT_NAME = "$(TARGET_NAME)";
				SUPPORTED_PLATFORMS = "iphoneos iphonesimulator";
				SUPPORTS_MACCATALYST = NO;
				SUPPORTS_MAC_DESIGNED_FOR_IPHONE_IPAD = NO;
				SUPPORTS_XR_DESIGNED_FOR_IPHONE_IPAD = NO;
				SWIFT_EMIT_LOC_STRINGS = YES;
				SWIFT_VERSION = 5.0;
				TARGETED_DEVICE_FAMILY = 1;
			};
			name = Debug;
		};
		2C6E4E3E2C6A5D1A00E60363 /* Release */ = {
			isa = XCBuildConfiguration;
			buildSettings = {
				ASSETCATALOG_COMPILER_APPICON_NAME = AppIcon;
				ASSETCATALOG_COMPILER_GLOBAL_ACCENT_COLOR_NAME = AccentColor;
				CODE_SIGN_STYLE = Automatic;
				CURRENT_PROJECT_VERSION = 1;
				DEVELOPMENT_ASSET_PATHS = "\"Release-iOS/Preview Content\"";
				DEVELOPMENT_TEAM = L4327HMP3S;
				ENABLE_PREVIEWS = YES;
				GENERATE_INFOPLIST_FILE = YES;
				INFOPLIST_FILE = "Release-iOS/Info.plist";
				INFOPLIST_KEY_UIApplicationSceneManifest_Generation = YES;
				INFOPLIST_KEY_UIApplicationSupportsIndirectInputEvents = YES;
				INFOPLIST_KEY_UILaunchScreen_Generation = YES;
				INFOPLIST_KEY_UISupportedInterfaceOrientations_iPad = "UIInterfaceOrientationPortrait UIInterfaceOrientationPortraitUpsideDown UIInterfaceOrientationLandscapeLeft UIInterfaceOrientationLandscapeRight";
				INFOPLIST_KEY_UISupportedInterfaceOrientations_iPhone = "UIInterfaceOrientationPortrait UIInterfaceOrientationLandscapeLeft UIInterfaceOrientationLandscapeRight";
				IPHONEOS_DEPLOYMENT_TARGET = 17.0;
				LD_RUNPATH_SEARCH_PATHS = (
					"$(inherited)",
					"@executable_path/Frameworks",
				);
				MARKETING_VERSION = 1.0;
				PRODUCT_BUNDLE_IDENTIFIER = "sogang.Release-iOS";
				PRODUCT_NAME = "$(TARGET_NAME)";
				SUPPORTED_PLATFORMS = "iphoneos iphonesimulator";
				SUPPORTS_MACCATALYST = NO;
				SUPPORTS_MAC_DESIGNED_FOR_IPHONE_IPAD = NO;
				SUPPORTS_XR_DESIGNED_FOR_IPHONE_IPAD = NO;
				SWIFT_EMIT_LOC_STRINGS = YES;
				SWIFT_VERSION = 5.0;
				TARGETED_DEVICE_FAMILY = 1;
			};
			name = Release;
		};
/* End XCBuildConfiguration section */

/* Begin XCConfigurationList section */
		2C6E4E292C6A5D1800E60363 /* Build configuration list for PBXProject "Release-iOS" */ = {
			isa = XCConfigurationList;
			buildConfigurations = (
				2C6E4E3A2C6A5D1A00E60363 /* Debug */,
				2C6E4E3B2C6A5D1A00E60363 /* Release */,
			);
			defaultConfigurationIsVisible = 0;
			defaultConfigurationName = Release;
		};
		2C6E4E3C2C6A5D1A00E60363 /* Build configuration list for PBXNativeTarget "Release-iOS" */ = {
			isa = XCConfigurationList;
			buildConfigurations = (
				2C6E4E3D2C6A5D1A00E60363 /* Debug */,
				2C6E4E3E2C6A5D1A00E60363 /* Release */,
			);
			defaultConfigurationIsVisible = 0;
			defaultConfigurationName = Release;
		};
/* End XCConfigurationList section */
	};
	rootObject = 2C6E4E262C6A5D1800E60363 /* Project object */;
}
